// !$*UTF8*$!
{
	archiveVersion = 1;
	classes = {
	};
	objectVersion = 50;
	objects = {

/* Begin PBXBuildFile section */
		9A20453BD8A23901BF65D3F2 /* Pods_SwiftMachine.framework in Frameworks */ = {isa = PBXBuildFile; fileRef = 88430269CDB5DF7561811BB1 /* Pods_SwiftMachine.framework */; };
		ABCF0B4D21302788001F420F /* AppDelegate.swift in Sources */ = {isa = PBXBuildFile; fileRef = ABCF0B4C21302788001F420F /* AppDelegate.swift */; };
		ABCF0B4F21302788001F420F /* ViewController.swift in Sources */ = {isa = PBXBuildFile; fileRef = ABCF0B4E21302788001F420F /* ViewController.swift */; };
		ABCF0B5221302788001F420F /* Main.storyboard in Resources */ = {isa = PBXBuildFile; fileRef = ABCF0B5021302788001F420F /* Main.storyboard */; };
		ABCF0B5421302789001F420F /* Assets.xcassets in Resources */ = {isa = PBXBuildFile; fileRef = ABCF0B5321302789001F420F /* Assets.xcassets */; };
		ABCF0B5721302789001F420F /* LaunchScreen.storyboard in Resources */ = {isa = PBXBuildFile; fileRef = ABCF0B5521302789001F420F /* LaunchScreen.storyboard */; };
/* End PBXBuildFile section */

/* Begin PBXFileReference section */
		2F7AE71761952A53A0BC7CF7 /* Pods-SwiftMachine.release.xcconfig */ = {isa = PBXFileReference; includeInIndex = 1; lastKnownFileType = text.xcconfig; name = "Pods-SwiftMachine.release.xcconfig"; path = "Pods/Target Support Files/Pods-SwiftMachine/Pods-SwiftMachine.release.xcconfig"; sourceTree = "<group>"; };
		88430269CDB5DF7561811BB1 /* Pods_SwiftMachine.framework */ = {isa = PBXFileReference; explicitFileType = wrapper.framework; includeInIndex = 0; path = Pods_SwiftMachine.framework; sourceTree = BUILT_PRODUCTS_DIR; };
		ABCF0B4921302788001F420F /* SwiftMachine.app */ = {isa = PBXFileReference; explicitFileType = wrapper.application; includeInIndex = 0; path = SwiftMachine.app; sourceTree = BUILT_PRODUCTS_DIR; };
		ABCF0B4C21302788001F420F /* AppDelegate.swift */ = {isa = PBXFileReference; lastKnownFileType = sourcecode.swift; path = AppDelegate.swift; sourceTree = "<group>"; };
		ABCF0B4E21302788001F420F /* ViewController.swift */ = {isa = PBXFileReference; lastKnownFileType = sourcecode.swift; path = ViewController.swift; sourceTree = "<group>"; };
		ABCF0B5121302788001F420F /* Base */ = {isa = PBXFileReference; lastKnownFileType = file.storyboard; name = Base; path = Base.lproj/Main.storyboard; sourceTree = "<group>"; };
		ABCF0B5321302789001F420F /* Assets.xcassets */ = {isa = PBXFileReference; lastKnownFileType = folder.assetcatalog; path = Assets.xcassets; sourceTree = "<group>"; };
		ABCF0B5621302789001F420F /* Base */ = {isa = PBXFileReference; lastKnownFileType = file.storyboard; name = Base; path = Base.lproj/LaunchScreen.storyboard; sourceTree = "<group>"; };
		ABCF0B5821302789001F420F /* Info.plist */ = {isa = PBXFileReference; lastKnownFileType = text.plist.xml; path = Info.plist; sourceTree = "<group>"; };
		CD1B4DA9A93F6058EFE1CB1D /* Pods-SwiftMachine.debug.xcconfig */ = {isa = PBXFileReference; includeInIndex = 1; lastKnownFileType = text.xcconfig; name = "Pods-SwiftMachine.debug.xcconfig"; path = "Pods/Target Support Files/Pods-SwiftMachine/Pods-SwiftMachine.debug.xcconfig"; sourceTree = "<group>"; };
/* End PBXFileReference section */

/* Begin PBXFrameworksBuildPhase section */
		ABCF0B4621302788001F420F /* Frameworks */ = {
			isa = PBXFrameworksBuildPhase;
			buildActionMask = 2147483647;
			files = (
				9A20453BD8A23901BF65D3F2 /* Pods_SwiftMachine.framework in Frameworks */,
			);
			runOnlyForDeploymentPostprocessing = 0;
		};
/* End PBXFrameworksBuildPhase section */

/* Begin PBXGroup section */
		95B404837DDF920E099DFD91 /* Frameworks */ = {
			isa = PBXGroup;
			children = (
				88430269CDB5DF7561811BB1 /* Pods_SwiftMachine.framework */,
			);
			name = Frameworks;
			sourceTree = "<group>";
		};
		ABCF0B4021302788001F420F = {
			isa = PBXGroup;
			children = (
				ABCF0B4B21302788001F420F /* SwiftMachine */,
				ABCF0B4A21302788001F420F /* Products */,
				B8A0CABF578FE6E2F9052DC8 /* Pods */,
				95B404837DDF920E099DFD91 /* Frameworks */,
			);
			sourceTree = "<group>";
		};
		ABCF0B4A21302788001F420F /* Products */ = {
			isa = PBXGroup;
			children = (
				ABCF0B4921302788001F420F /* SwiftMachine.app */,
			);
			name = Products;
			sourceTree = "<group>";
		};
		ABCF0B4B21302788001F420F /* SwiftMachine */ = {
			isa = PBXGroup;
			children = (
				ABCF0B4C21302788001F420F /* AppDelegate.swift */,
				ABCF0B4E21302788001F420F /* ViewController.swift */,
				ABCF0B5021302788001F420F /* Main.storyboard */,
				ABCF0B5321302789001F420F /* Assets.xcassets */,
				ABCF0B5521302789001F420F /* LaunchScreen.storyboard */,
				ABCF0B5821302789001F420F /* Info.plist */,
			);
			path = SwiftMachine;
			sourceTree = "<group>";
		};
		B8A0CABF578FE6E2F9052DC8 /* Pods */ = {
			isa = PBXGroup;
			children = (
				CD1B4DA9A93F6058EFE1CB1D /* Pods-SwiftMachine.debug.xcconfig */,
				2F7AE71761952A53A0BC7CF7 /* Pods-SwiftMachine.release.xcconfig */,
			);
			name = Pods;
			sourceTree = "<group>";
		};
/* End PBXGroup section */

/* Begin PBXNativeTarget section */
		ABCF0B4821302788001F420F /* SwiftMachine */ = {
			isa = PBXNativeTarget;
			buildConfigurationList = ABCF0B5B21302789001F420F /* Build configuration list for PBXNativeTarget "SwiftMachine" */;
			buildPhases = (
				88AEE564A18D260CB3B50132 /* [CP] Check Pods Manifest.lock */,
				ABCF0B4521302788001F420F /* Sources */,
				ABCF0B4621302788001F420F /* Frameworks */,
				ABCF0B4721302788001F420F /* Resources */,
				195C394F29DCF9BB8663502F /* [CP] Embed Pods Frameworks */,
			);
			buildRules = (
			);
			dependencies = (
			);
			name = SwiftMachine;
			productName = SwiftMachine;
			productReference = ABCF0B4921302788001F420F /* SwiftMachine.app */;
			productType = "com.apple.product-type.application";
		};
/* End PBXNativeTarget section */

/* Begin PBXProject section */
		ABCF0B4121302788001F420F /* Project object */ = {
			isa = PBXProject;
			attributes = {
				LastSwiftUpdateCheck = 0940;
				LastUpgradeCheck = 0940;
				ORGANIZATIONNAME = "Johan Thorell";
				TargetAttributes = {
					ABCF0B4821302788001F420F = {
						CreatedOnToolsVersion = 9.4.1;
					};
				};
			};
			buildConfigurationList = ABCF0B4421302788001F420F /* Build configuration list for PBXProject "SwiftMachine" */;
			compatibilityVersion = "Xcode 9.3";
			developmentRegion = en;
			hasScannedForEncodings = 0;
			knownRegions = (
				en,
				Base,
			);
			mainGroup = ABCF0B4021302788001F420F;
			productRefGroup = ABCF0B4A21302788001F420F /* Products */;
			projectDirPath = "";
			projectRoot = "";
			targets = (
				ABCF0B4821302788001F420F /* SwiftMachine */,
			);
		};
/* End PBXProject section */

/* Begin PBXResourcesBuildPhase section */
		ABCF0B4721302788001F420F /* Resources */ = {
			isa = PBXResourcesBuildPhase;
			buildActionMask = 2147483647;
			files = (
				ABCF0B5721302789001F420F /* LaunchScreen.storyboard in Resources */,
				ABCF0B5421302789001F420F /* Assets.xcassets in Resources */,
				ABCF0B5221302788001F420F /* Main.storyboard in Resources */,
			);
			runOnlyForDeploymentPostprocessing = 0;
		};
/* End PBXResourcesBuildPhase section */

/* Begin PBXShellScriptBuildPhase section */
		195C394F29DCF9BB8663502F /* [CP] Embed Pods Frameworks */ = {
			isa = PBXShellScriptBuildPhase;
			buildActionMask = 2147483647;
			files = (
			);
			inputPaths = (
				"${SRCROOT}/Pods/Target Support Files/Pods-SwiftMachine/Pods-SwiftMachine-frameworks.sh",
				"${BUILT_PRODUCTS_DIR}/SwiftMachine/SwiftMachine.framework",
			);
			name = "[CP] Embed Pods Frameworks";
			outputPaths = (
				"${TARGET_BUILD_DIR}/${FRAMEWORKS_FOLDER_PATH}/SwiftMachine.framework",
			);
			runOnlyForDeploymentPostprocessing = 0;
			shellPath = /bin/sh;
			shellScript = "\"${SRCROOT}/Pods/Target Support Files/Pods-SwiftMachine/Pods-SwiftMachine-frameworks.sh\"\n";
			showEnvVarsInLog = 0;
		};
		88AEE564A18D260CB3B50132 /* [CP] Check Pods Manifest.lock */ = {
			isa = PBXShellScriptBuildPhase;
			buildActionMask = 2147483647;
			files = (
			);
			inputPaths = (
				"${PODS_PODFILE_DIR_PATH}/Podfile.lock",
				"${PODS_ROOT}/Manifest.lock",
			);
			name = "[CP] Check Pods Manifest.lock";
			outputPaths = (
				"$(DERIVED_FILE_DIR)/Pods-SwiftMachine-checkManifestLockResult.txt",
			);
			runOnlyForDeploymentPostprocessing = 0;
			shellPath = /bin/sh;
			shellScript = "diff \"${PODS_PODFILE_DIR_PATH}/Podfile.lock\" \"${PODS_ROOT}/Manifest.lock\" > /dev/null\nif [ $? != 0 ] ; then\n    # print error to STDERR\n    echo \"error: The sandbox is not in sync with the Podfile.lock. Run 'pod install' or update your CocoaPods installation.\" >&2\n    exit 1\nfi\n# This output is used by Xcode 'outputs' to avoid re-running this script phase.\necho \"SUCCESS\" > \"${SCRIPT_OUTPUT_FILE_0}\"\n";
			showEnvVarsInLog = 0;
		};
/* End PBXShellScriptBuildPhase section */

/* Begin PBXSourcesBuildPhase section */
		ABCF0B4521302788001F420F /* Sources */ = {
			isa = PBXSourcesBuildPhase;
			buildActionMask = 2147483647;
			files = (
				ABCF0B4F21302788001F420F /* ViewController.swift in Sources */,
				ABCF0B4D21302788001F420F /* AppDelegate.swift in Sources */,
			);
			runOnlyForDeploymentPostprocessing = 0;
		};
/* End PBXSourcesBuildPhase section */

/* Begin PBXVariantGroup section */
		ABCF0B5021302788001F420F /* Main.storyboard */ = {
			isa = PBXVariantGroup;
			children = (
				ABCF0B5121302788001F420F /* Base */,
			);
			name = Main.storyboard;
			sourceTree = "<group>";
		};
		ABCF0B5521302789001F420F /* LaunchScreen.storyboard */ = {
			isa = PBXVariantGroup;
			children = (
				ABCF0B5621302789001F420F /* Base */,
			);
			name = LaunchScreen.storyboard;
			sourceTree = "<group>";
		};
/* End PBXVariantGroup section */

/* Begin XCBuildConfiguration section */
		ABCF0B5921302789001F420F /* Debug */ = {
			isa = XCBuildConfiguration;
			buildSettings = {
				ALWAYS_SEARCH_USER_PATHS = NO;
				CLANG_ANALYZER_NONNULL = YES;
				CLANG_ANALYZER_NUMBER_OBJECT_CONVERSION = YES_AGGRESSIVE;
				CLANG_CXX_LANGUAGE_STANDARD = "gnu++14";
				CLANG_CXX_LIBRARY = "libc++";
				CLANG_ENABLE_MODULES = YES;
				CLANG_ENABLE_OBJC_ARC = YES;
				CLANG_ENABLE_OBJC_WEAK = YES;
				CLANG_WARN_BLOCK_CAPTURE_AUTORELEASING = YES;
				CLANG_WARN_BOOL_CONVERSION = YES;
				CLANG_WARN_COMMA = YES;
				CLANG_WARN_CONSTANT_CONVERSION = YES;
				CLANG_WARN_DEPRECATED_OBJC_IMPLEMENTATIONS = YES;
				CLANG_WARN_DIRECT_OBJC_ISA_USAGE = YES_ERROR;
				CLANG_WARN_DOCUMENTATION_COMMENTS = YES;
				CLANG_WARN_EMPTY_BODY = YES;
				CLANG_WARN_ENUM_CONVERSION = YES;
				CLANG_WARN_INFINITE_RECURSION = YES;
				CLANG_WARN_INT_CONVERSION = YES;
				CLANG_WARN_NON_LITERAL_NULL_CONVERSION = YES;
				CLANG_WARN_OBJC_IMPLICIT_RETAIN_SELF = YES;
				CLANG_WARN_OBJC_LITERAL_CONVERSION = YES;
				CLANG_WARN_OBJC_ROOT_CLASS = YES_ERROR;
				CLANG_WARN_RANGE_LOOP_ANALYSIS = YES;
				CLANG_WARN_STRICT_PROTOTYPES = YES;
				CLANG_WARN_SUSPICIOUS_MOVE = YES;
				CLANG_WARN_UNGUARDED_AVAILABILITY = YES_AGGRESSIVE;
				CLANG_WARN_UNREACHABLE_CODE = YES;
				CLANG_WARN__DUPLICATE_METHOD_MATCH = YES;
				CODE_SIGN_IDENTITY = "iPhone Developer";
				COPY_PHASE_STRIP = NO;
				DEBUG_INFORMATION_FORMAT = dwarf;
				ENABLE_STRICT_OBJC_MSGSEND = YES;
				ENABLE_TESTABILITY = YES;
				GCC_C_LANGUAGE_STANDARD = gnu11;
				GCC_DYNAMIC_NO_PIC = NO;
				GCC_NO_COMMON_BLOCKS = YES;
				GCC_OPTIMIZATION_LEVEL = 0;
				GCC_PREPROCESSOR_DEFINITIONS = (
					"DEBUG=1",
					"$(inherited)",
				);
				GCC_WARN_64_TO_32_BIT_CONVERSION = YES;
				GCC_WARN_ABOUT_RETURN_TYPE = YES_ERROR;
				GCC_WARN_UNDECLARED_SELECTOR = YES;
				GCC_WARN_UNINITIALIZED_AUTOS = YES_AGGRESSIVE;
				GCC_WARN_UNUSED_FUNCTION = YES;
				GCC_WARN_UNUSED_VARIABLE = YES;
				IPHONEOS_DEPLOYMENT_TARGET = 11.4;
				MTL_ENABLE_DEBUG_INFO = YES;
				ONLY_ACTIVE_ARCH = YES;
				SDKROOT = iphoneos;
				SWIFT_ACTIVE_COMPILATION_CONDITIONS = DEBUG;
				SWIFT_OPTIMIZATION_LEVEL = "-Onone";
			};
			name = Debug;
		};
		ABCF0B5A21302789001F420F /* Release */ = {
			isa = XCBuildConfiguration;
			buildSettings = {
				ALWAYS_SEARCH_USER_PATHS = NO;
				CLANG_ANALYZER_NONNULL = YES;
				CLANG_ANALYZER_NUMBER_OBJECT_CONVERSION = YES_AGGRESSIVE;
				CLANG_CXX_LANGUAGE_STANDARD = "gnu++14";
				CLANG_CXX_LIBRARY = "libc++";
				CLANG_ENABLE_MODULES = YES;
				CLANG_ENABLE_OBJC_ARC = YES;
				CLANG_ENABLE_OBJC_WEAK = YES;
				CLANG_WARN_BLOCK_CAPTURE_AUTORELEASING = YES;
				CLANG_WARN_BOOL_CONVERSION = YES;
				CLANG_WARN_COMMA = YES;
				CLANG_WARN_CONSTANT_CONVERSION = YES;
				CLANG_WARN_DEPRECATED_OBJC_IMPLEMENTATIONS = YES;
				CLANG_WARN_DIRECT_OBJC_ISA_USAGE = YES_ERROR;
				CLANG_WARN_DOCUMENTATION_COMMENTS = YES;
				CLANG_WARN_EMPTY_BODY = YES;
				CLANG_WARN_ENUM_CONVERSION = YES;
				CLANG_WARN_INFINITE_RECURSION = YES;
				CLANG_WARN_INT_CONVERSION = YES;
				CLANG_WARN_NON_LITERAL_NULL_CONVERSION = YES;
				CLANG_WARN_OBJC_IMPLICIT_RETAIN_SELF = YES;
				CLANG_WARN_OBJC_LITERAL_CONVERSION = YES;
				CLANG_WARN_OBJC_ROOT_CLASS = YES_ERROR;
				CLANG_WARN_RANGE_LOOP_ANALYSIS = YES;
				CLANG_WARN_STRICT_PROTOTYPES = YES;
				CLANG_WARN_SUSPICIOUS_MOVE = YES;
				CLANG_WARN_UNGUARDED_AVAILABILITY = YES_AGGRESSIVE;
				CLANG_WARN_UNREACHABLE_CODE = YES;
				CLANG_WARN__DUPLICATE_METHOD_MATCH = YES;
				CODE_SIGN_IDENTITY = "iPhone Developer";
				COPY_PHASE_STRIP = NO;
				DEBUG_INFORMATION_FORMAT = "dwarf-with-dsym";
				ENABLE_NS_ASSERTIONS = NO;
				ENABLE_STRICT_OBJC_MSGSEND = YES;
				GCC_C_LANGUAGE_STANDARD = gnu11;
				GCC_NO_COMMON_BLOCKS = YES;
				GCC_WARN_64_TO_32_BIT_CONVERSION = YES;
				GCC_WARN_ABOUT_RETURN_TYPE = YES_ERROR;
				GCC_WARN_UNDECLARED_SELECTOR = YES;
				GCC_WARN_UNINITIALIZED_AUTOS = YES_AGGRESSIVE;
				GCC_WARN_UNUSED_FUNCTION = YES;
				GCC_WARN_UNUSED_VARIABLE = YES;
				IPHONEOS_DEPLOYMENT_TARGET = 11.4;
				MTL_ENABLE_DEBUG_INFO = NO;
				SDKROOT = iphoneos;
				SWIFT_COMPILATION_MODE = wholemodule;
				SWIFT_OPTIMIZATION_LEVEL = "-O";
				VALIDATE_PRODUCT = YES;
			};
			name = Release;
		};
		ABCF0B5C21302789001F420F /* Debug */ = {
			isa = XCBuildConfiguration;
			baseConfigurationReference = CD1B4DA9A93F6058EFE1CB1D /* Pods-SwiftMachine.debug.xcconfig */;
			buildSettings = {
				ASSETCATALOG_COMPILER_APPICON_NAME = AppIcon;
				CODE_SIGN_STYLE = Automatic;
				DEVELOPMENT_TEAM = S3NWVLDYG9;
				INFOPLIST_FILE = SwiftMachine/Info.plist;
				LD_RUNPATH_SEARCH_PATHS = (
					"$(inherited)",
					"@executable_path/Frameworks",
				);
				PRODUCT_BUNDLE_IDENTIFIER = "Johan-Thorell.SwiftMachine";
				PRODUCT_NAME = "$(TARGET_NAME)";
				SWIFT_VERSION = 4.0;
				TARGETED_DEVICE_FAMILY = "1,2";
			};
			name = Debug;
		};
		ABCF0B5D21302789001F420F /* Release */ = {
			isa = XCBuildConfiguration;
			baseConfigurationReference = 2F7AE71761952A53A0BC7CF7 /* Pods-SwiftMachine.release.xcconfig */;
			buildSettings = {
				ASSETCATALOG_COMPILER_APPICON_NAME = AppIcon;
				CODE_SIGN_STYLE = Automatic;
				DEVELOPMENT_TEAM = S3NWVLDYG9;
				INFOPLIST_FILE = SwiftMachine/Info.plist;
				LD_RUNPATH_SEARCH_PATHS = (
					"$(inherited)",
					"@executable_path/Frameworks",
				);
				PRODUCT_BUNDLE_IDENTIFIER = "Johan-Thorell.SwiftMachine";
				PRODUCT_NAME = "$(TARGET_NAME)";
				SWIFT_VERSION = 4.0;
				TARGETED_DEVICE_FAMILY = "1,2";
			};
			name = Release;
		};
/* End XCBuildConfiguration section */

/* Begin XCConfigurationList section */
		ABCF0B4421302788001F420F /* Build configuration list for PBXProject "SwiftMachine" */ = {
			isa = XCConfigurationList;
			buildConfigurations = (
				ABCF0B5921302789001F420F /* Debug */,
				ABCF0B5A21302789001F420F /* Release */,
			);
			defaultConfigurationIsVisible = 0;
			defaultConfigurationName = Release;
		};
		ABCF0B5B21302789001F420F /* Build configuration list for PBXNativeTarget "SwiftMachine" */ = {
			isa = XCConfigurationList;
			buildConfigurations = (
				ABCF0B5C21302789001F420F /* Debug */,
				ABCF0B5D21302789001F420F /* Release */,
			);
			defaultConfigurationIsVisible = 0;
			defaultConfigurationName = Release;
		};
/* End XCConfigurationList section */
	};
	rootObject = ABCF0B4121302788001F420F /* Project object */;
}
